
Microsoft Visual Studio Solution File, Format Version 12.00
# Visual Studio Version 17
VisualStudioVersion = 17.0.31903.59
MinimumVisualStudioVersion = 10.0.40219.1
Project("{2150E333-8FDC-42A3-9474-1A3956D46DE8}") = "src", "src", "{8F82FAE5-4208-4C6A-B47D-00DD2E9FE215}"
EndProject
Project("{2150E333-8FDC-42A3-9474-1A3956D46DE8}") = "services", "services", "{C2F70E3B-32BC-44B9-B2F8-A550650D1BEB}"
EndProject
Project("{2150E333-8FDC-42A3-9474-1A3956D46DE8}") = "Inventory", "Inventory", "{D1472247-B494-43AC-B281-31D6FF898D8F}"
EndProject
Project("{2150E333-8FDC-42A3-9474-1A3956D46DE8}") = "Shared", "Shared", "{77FB7CFB-6069-4E72-B88B-06F52A82EFD7}"
EndProject
Project("{9A19103F-16F7-4668-BE54-9A1E7A4F7556}") = "SharedProject", "src\shared\SharedProject\SharedProject.csproj", "{1E8C5475-299D-4AFD-9499-F7FE0A08CE08}"
EndProject
Project("{9A19103F-16F7-4668-BE54-9A1E7A4F7556}") = "Inventory.Api", "src\services\Inventory\Inventory.Api\Inventory.Api.csproj", "{2EC679E5-A2CB-41C6-9A5D-17F2E4982264}"
EndProject
Project("{9A19103F-16F7-4668-BE54-9A1E7A4F7556}") = "Inventory.Application", "src\services\Inventory\Inventory.Application\Inventory.Application.csproj", "{AE93D32B-86DA-4BC2-928A-6993C183993A}"
EndProject
Project("{9A19103F-16F7-4668-BE54-9A1E7A4F7556}") = "Inventory.Domain", "src\services\Inventory\Inventory.Domain\Inventory.Domain.csproj", "{DB30C40C-8628-4A1E-9A3D-78E8EE48F6C1}"
EndProject
Project("{9A19103F-16F7-4668-BE54-9A1E7A4F7556}") = "Inventory.Infrastructure", "src\services\Inventory\Inventory.Infrastructure\Inventory.Infrastructure.csproj", "{9FA5C6D5-4CBB-42E5-A968-420D30D3CAB7}"
EndProject
Project("{E53339B2-1760-4266-BCC7-CA923CBCF16C}") = "docker-compose", "docker-compose.dcproj", "{DDFC1EC7-63D6-49D3-9E49-78303605A0C8}"
EndProject
Project("{2150E333-8FDC-42A3-9474-1A3956D46DE8}") = "Basket", "Basket", "{DF9F9436-D392-470B-A92F-B72E06E7CEFC}"
EndProject
Project("{FAE04EC0-301F-11D3-BF4B-00C04F79EFBC}") = "Basket.Api", "src\services\Basket\Basket.Api\Basket.Api.csproj", "{7C6D4231-61D5-4555-BDB1-652F2A16721E}"
EndProject
Global
	GlobalSection(SolutionConfigurationPlatforms) = preSolution
		Debug|Any CPU = Debug|Any CPU
		Release|Any CPU = Release|Any CPU
	EndGlobalSection
	GlobalSection(ProjectConfigurationPlatforms) = postSolution
		{1E8C5475-299D-4AFD-9499-F7FE0A08CE08}.Debug|Any CPU.ActiveCfg = Debug|Any CPU
		{1E8C5475-299D-4AFD-9499-F7FE0A08CE08}.Debug|Any CPU.Build.0 = Debug|Any CPU
		{1E8C5475-299D-4AFD-9499-F7FE0A08CE08}.Release|Any CPU.ActiveCfg = Release|Any CPU
		{1E8C5475-299D-4AFD-9499-F7FE0A08CE08}.Release|Any CPU.Build.0 = Release|Any CPU
		{2EC679E5-A2CB-41C6-9A5D-17F2E4982264}.Debug|Any CPU.ActiveCfg = Debug|Any CPU
		{2EC679E5-A2CB-41C6-9A5D-17F2E4982264}.Debug|Any CPU.Build.0 = Debug|Any CPU
		{2EC679E5-A2CB-41C6-9A5D-17F2E4982264}.Release|Any CPU.ActiveCfg = Release|Any CPU
		{2EC679E5-A2CB-41C6-9A5D-17F2E4982264}.Release|Any CPU.Build.0 = Release|Any CPU
		{AE93D32B-86DA-4BC2-928A-6993C183993A}.Debug|Any CPU.ActiveCfg = Debug|Any CPU
		{AE93D32B-86DA-4BC2-928A-6993C183993A}.Debug|Any CPU.Build.0 = Debug|Any CPU
		{AE93D32B-86DA-4BC2-928A-6993C183993A}.Release|Any CPU.ActiveCfg = Release|Any CPU
		{AE93D32B-86DA-4BC2-928A-6993C183993A}.Release|Any CPU.Build.0 = Release|Any CPU
		{DB30C40C-8628-4A1E-9A3D-78E8EE48F6C1}.Debug|Any CPU.ActiveCfg = Debug|Any CPU
		{DB30C40C-8628-4A1E-9A3D-78E8EE48F6C1}.Debug|Any CPU.Build.0 = Debug|Any CPU
		{DB30C40C-8628-4A1E-9A3D-78E8EE48F6C1}.Release|Any CPU.ActiveCfg = Release|Any CPU
		{DB30C40C-8628-4A1E-9A3D-78E8EE48F6C1}.Release|Any CPU.Build.0 = Release|Any CPU
		{9FA5C6D5-4CBB-42E5-A968-420D30D3CAB7}.Debug|Any CPU.ActiveCfg = Debug|Any CPU
		{9FA5C6D5-4CBB-42E5-A968-420D30D3CAB7}.Debug|Any CPU.Build.0 = Debug|Any CPU
		{9FA5C6D5-4CBB-42E5-A968-420D30D3CAB7}.Release|Any CPU.ActiveCfg = Release|Any CPU
		{9FA5C6D5-4CBB-42E5-A968-420D30D3CAB7}.Release|Any CPU.Build.0 = Release|Any CPU
		{DDFC1EC7-63D6-49D3-9E49-78303605A0C8}.Debug|Any CPU.ActiveCfg = Debug|Any CPU
		{DDFC1EC7-63D6-49D3-9E49-78303605A0C8}.Debug|Any CPU.Build.0 = Debug|Any CPU
		{DDFC1EC7-63D6-49D3-9E49-78303605A0C8}.Release|Any CPU.ActiveCfg = Release|Any CPU
		{DDFC1EC7-63D6-49D3-9E49-78303605A0C8}.Release|Any CPU.Build.0 = Release|Any CPU
		{7C6D4231-61D5-4555-BDB1-652F2A16721E}.Debug|Any CPU.ActiveCfg = Debug|Any CPU
		{7C6D4231-61D5-4555-BDB1-652F2A16721E}.Debug|Any CPU.Build.0 = Debug|Any CPU
		{7C6D4231-61D5-4555-BDB1-652F2A16721E}.Release|Any CPU.ActiveCfg = Release|Any CPU
		{7C6D4231-61D5-4555-BDB1-652F2A16721E}.Release|Any CPU.Build.0 = Release|Any CPU
	EndGlobalSection
	GlobalSection(SolutionProperties) = preSolution
		HideSolutionNode = FALSE
	EndGlobalSection
	GlobalSection(NestedProjects) = preSolution
		{C2F70E3B-32BC-44B9-B2F8-A550650D1BEB} = {8F82FAE5-4208-4C6A-B47D-00DD2E9FE215}
		{D1472247-B494-43AC-B281-31D6FF898D8F} = {C2F70E3B-32BC-44B9-B2F8-A550650D1BEB}
		{77FB7CFB-6069-4E72-B88B-06F52A82EFD7} = {8F82FAE5-4208-4C6A-B47D-00DD2E9FE215}
		{1E8C5475-299D-4AFD-9499-F7FE0A08CE08} = {77FB7CFB-6069-4E72-B88B-06F52A82EFD7}
		{2EC679E5-A2CB-41C6-9A5D-17F2E4982264} = {D1472247-B494-43AC-B281-31D6FF898D8F}
		{AE93D32B-86DA-4BC2-928A-6993C183993A} = {D1472247-B494-43AC-B281-31D6FF898D8F}
		{DB30C40C-8628-4A1E-9A3D-78E8EE48F6C1} = {D1472247-B494-43AC-B281-31D6FF898D8F}
		{9FA5C6D5-4CBB-42E5-A968-420D30D3CAB7} = {D1472247-B494-43AC-B281-31D6FF898D8F}
		{DF9F9436-D392-470B-A92F-B72E06E7CEFC} = {C2F70E3B-32BC-44B9-B2F8-A550650D1BEB}
		{7C6D4231-61D5-4555-BDB1-652F2A16721E} = {DF9F9436-D392-470B-A92F-B72E06E7CEFC}
	EndGlobalSection
	GlobalSection(ExtensibilityGlobals) = postSolution
		SolutionGuid = {4BD816E8-13AD-47F3-BECC-DC479BB52C1D}
	EndGlobalSection
EndGlobal
